
Microsoft Visual Studio Solution File, Format Version 12.00
# Visual Studio Version 18
VisualStudioVersion = 18.7.11925.98
MinimumVisualStudioVersion = 10.0.40219.1
Project("{2150E333-8FDC-42A3-9474-1A3956D46DE8}") = "src", "src", "{904A687D-AE63-432A-AA2A-293BE32B32D1}"
EndProject
Project("{FAE04EC0-301F-11D3-BF4B-00C04F79EFBC}") = "FoodLoop.Domain", "src\FoodLoop.Domain\FoodLoop.Domain.csproj", "{BE12874C-F1C4-4EF7-A7A7-A7A7B6802AA7}"
EndProject
Project("{FAE04EC0-301F-11D3-BF4B-00C04F79EFBC}") = "FoodLoop.Application", "src\FoodLoop.Application\FoodLoop.Application.csproj", "{D5FB274B-3F8F-4A20-A094-038DA34F417A}"
EndProject
Project("{FAE04EC0-301F-11D3-BF4B-00C04F79EFBC}") = "FoodLoop.Infrastructure", "src\FoodLoop.Infrastructure\FoodLoop.Infrastructure.csproj", "{66FF113D-C371-482C-A433-C7C19D908393}"
EndProject
Project("{FAE04EC0-301F-11D3-BF4B-00C04F79EFBC}") = "FoodLoop.API", "src\FoodLoop.API\FoodLoop.API.csproj", "{A1E662BB-DAF8-4505-A0C8-E8E8226ADD19}"
EndProject
Project("{2150E333-8FDC-42A3-9474-1A3956D46DE8}") = "test", "test", "{0C88DD14-F956-CE84-757C-A364CCF449FC}"
EndProject
Project("{FAE04EC0-301F-11D3-BF4B-00C04F79EFBC}") = "FoodLoop.DbTool", "src\FoodLoop.DbTool\FoodLoop.DbTool.csproj", "{86B731C3-E5B9-4B60-9436-7EC9057FB58A}"
EndProject
Project("{FAE04EC0-301F-11D3-BF4B-00C04F79EFBC}") = "FoodLoop.Domain.Tests", "test\FoodLoop.Domain.Tests\FoodLoop.Domain.Tests.csproj", "{C3FA85E1-8CF2-4AAC-9C39-9926342FE4C3}"
EndProject
Project("{FAE04EC0-301F-11D3-BF4B-00C04F79EFBC}") = "FoodLoop.Application.Tests", "test\FoodLoop.Application.Tests\FoodLoop.Application.Tests.csproj", "{BF6A23FE-AD2A-4921-83BF-546A27355E4F}"
EndProject
Project("{FAE04EC0-301F-11D3-BF4B-00C04F79EFBC}") = "FoodLoop.Infrastructure.Tests", "test\FoodLoop.Infrastructure.Tests\FoodLoop.Infrastructure.Tests.csproj", "{3783FDFA-EF19-4B2B-9D5C-C9BBF860D48F}"
EndProject
Global
	GlobalSection(SolutionConfigurationPlatforms) = preSolution
		Debug|Any CPU = Debug|Any CPU
		Debug|x64 = Debug|x64
		Debug|x86 = Debug|x86
		Release|Any CPU = Release|Any CPU
		Release|x64 = Release|x64
		Release|x86 = Release|x86
	EndGlobalSection
	GlobalSection(ProjectConfigurationPlatforms) = postSolution
		{BE12874C-F1C4-4EF7-A7A7-A7A7B6802AA7}.Debug|Any CPU.ActiveCfg = Debug|Any CPU
		{BE12874C-F1C4-4EF7-A7A7-A7A7B6802AA7}.Debug|Any CPU.Build.0 = Debug|Any CPU
		{BE12874C-F1C4-4EF7-A7A7-A7A7B6802AA7}.Debug|x64.ActiveCfg = Debug|Any CPU
		{BE12874C-F1C4-4EF7-A7A7-A7A7B6802AA7}.Debug|x64.Build.0 = Debug|Any CPU
		{BE12874C-F1C4-4EF7-A7A7-A7A7B6802AA7}.Debug|x86.ActiveCfg = Debug|Any CPU
		{BE12874C-F1C4-4EF7-A7A7-A7A7B6802AA7}.Debug|x86.Build.0 = Debug|Any CPU
		{BE12874C-F1C4-4EF7-A7A7-A7A7B6802AA7}.Release|Any CPU.ActiveCfg = Release|Any CPU
		{BE12874C-F1C4-4EF7-A7A7-A7A7B6802AA7}.Release|Any CPU.Build.0 = Release|Any CPU
		{BE12874C-F1C4-4EF7-A7A7-A7A7B6802AA7}.Release|x64.ActiveCfg = Release|Any CPU
		{BE12874C-F1C4-4EF7-A7A7-A7A7B6802AA7}.Release|x64.Build.0 = Release|Any CPU
		{BE12874C-F1C4-4EF7-A7A7-A7A7B6802AA7}.Release|x86.ActiveCfg = Release|Any CPU
		{BE12874C-F1C4-4EF7-A7A7-A7A7B6802AA7}.Release|x86.Build.0 = Release|Any CPU
		{D5FB274B-3F8F-4A20-A094-038DA34F417A}.Debug|Any CPU.ActiveCfg = Debug|Any CPU
		{D5FB274B-3F8F-4A20-A094-038DA34F417A}.Debug|Any CPU.Build.0 = Debug|Any CPU
		{D5FB274B-3F8F-4A20-A094-038DA34F417A}.Debug|x64.ActiveCfg = Debug|Any CPU
		{D5FB274B-3F8F-4A20-A094-038DA34F417A}.Debug|x64.Build.0 = Debug|Any CPU
		{D5FB274B-3F8F-4A20-A094-038DA34F417A}.Debug|x86.ActiveCfg = Debug|Any CPU
		{D5FB274B-3F8F-4A20-A094-038DA34F417A}.Debug|x86.Build.0 = Debug|Any CPU
		{D5FB274B-3F8F-4A20-A094-038DA34F417A}.Release|Any CPU.ActiveCfg = Release|Any CPU
		{D5FB274B-3F8F-4A20-A094-038DA34F417A}.Release|Any CPU.Build.0 = Release|Any CPU
		{D5FB274B-3F8F-4A20-A094-038DA34F417A}.Release|x64.ActiveCfg = Release|Any CPU
		{D5FB274B-3F8F-4A20-A094-038DA34F417A}.Release|x64.Build.0 = Release|Any CPU
		{D5FB274B-3F8F-4A20-A094-038DA34F417A}.Release|x86.ActiveCfg = Release|Any CPU
		{D5FB274B-3F8F-4A20-A094-038DA34F417A}.Release|x86.Build.0 = Release|Any CPU
		{66FF113D-C371-482C-A433-C7C19D908393}.Debug|Any CPU.ActiveCfg = Debug|Any CPU
		{66FF113D-C371-482C-A433-C7C19D908393}.Debug|Any CPU.Build.0 = Debug|Any CPU
		{66FF113D-C371-482C-A433-C7C19D908393}.Debug|x64.ActiveCfg = Debug|Any CPU
		{66FF113D-C371-482C-A433-C7C19D908393}.Debug|x64.Build.0 = Debug|Any CPU
		{66FF113D-C371-482C-A433-C7C19D908393}.Debug|x86.ActiveCfg = Debug|Any CPU
		{66FF113D-C371-482C-A433-C7C19D908393}.Debug|x86.Build.0 = Debug|Any CPU
		{66FF113D-C371-482C-A433-C7C19D908393}.Release|Any CPU.ActiveCfg = Release|Any CPU
		{66FF113D-C371-482C-A433-C7C19D908393}.Release|Any CPU.Build.0 = Release|Any CPU
		{66FF113D-C371-482C-A433-C7C19D908393}.Release|x64.ActiveCfg = Release|Any CPU
		{66FF113D-C371-482C-A433-C7C19D908393}.Release|x64.Build.0 = Release|Any CPU
		{66FF113D-C371-482C-A433-C7C19D908393}.Release|x86.ActiveCfg = Release|Any CPU
		{66FF113D-C371-482C-A433-C7C19D908393}.Release|x86.Build.0 = Release|Any CPU
		{A1E662BB-DAF8-4505-A0C8-E8E8226ADD19}.Debug|Any CPU.ActiveCfg = Debug|Any CPU
		{A1E662BB-DAF8-4505-A0C8-E8E8226ADD19}.Debug|Any CPU.Build.0 = Debug|Any CPU
		{A1E662BB-DAF8-4505-A0C8-E8E8226ADD19}.Debug|x64.ActiveCfg = Debug|Any CPU
		{A1E662BB-DAF8-4505-A0C8-E8E8226ADD19}.Debug|x64.Build.0 = Debug|Any CPU
		{A1E662BB-DAF8-4505-A0C8-E8E8226ADD19}.Debug|x86.ActiveCfg = Debug|Any CPU
		{A1E662BB-DAF8-4505-A0C8-E8E8226ADD19}.Debug|x86.Build.0 = Debug|Any CPU
		{A1E662BB-DAF8-4505-A0C8-E8E8226ADD19}.Release|Any CPU.ActiveCfg = Release|Any CPU
		{A1E662BB-DAF8-4505-A0C8-E8E8226ADD19}.Release|Any CPU.Build.0 = Release|Any CPU
		{A1E662BB-DAF8-4505-A0C8-E8E8226ADD19}.Release|x64.ActiveCfg = Release|Any CPU
		{A1E662BB-DAF8-4505-A0C8-E8E8226ADD19}.Release|x64.Build.0 = Release|Any CPU
		{A1E662BB-DAF8-4505-A0C8-E8E8226ADD19}.Release|x86.ActiveCfg = Release|Any CPU
		{A1E662BB-DAF8-4505-A0C8-E8E8226ADD19}.Release|x86.Build.0 = Release|Any CPU
		{86B731C3-E5B9-4B60-9436-7EC9057FB58A}.Debug|Any CPU.ActiveCfg = Debug|Any CPU
		{86B731C3-E5B9-4B60-9436-7EC9057FB58A}.Debug|Any CPU.Build.0 = Debug|Any CPU
		{86B731C3-E5B9-4B60-9436-7EC9057FB58A}.Debug|x64.ActiveCfg = Debug|Any CPU
		{86B731C3-E5B9-4B60-9436-7EC9057FB58A}.Debug|x64.Build.0 = Debug|Any CPU
		{86B731C3-E5B9-4B60-9436-7EC9057FB58A}.Debug|x86.ActiveCfg = Debug|Any CPU
		{86B731C3-E5B9-4B60-9436-7EC9057FB58A}.Debug|x86.Build.0 = Debug|Any CPU
		{86B731C3-E5B9-4B60-9436-7EC9057FB58A}.Release|Any CPU.ActiveCfg = Release|Any CPU
		{86B731C3-E5B9-4B60-9436-7EC9057FB58A}.Release|Any CPU.Build.0 = Release|Any CPU
		{86B731C3-E5B9-4B60-9436-7EC9057FB58A}.Release|x64.ActiveCfg = Release|Any CPU
		{86B731C3-E5B9-4B60-9436-7EC9057FB58A}.Release|x64.Build.0 = Release|Any CPU
		{86B731C3-E5B9-4B60-9436-7EC9057FB58A}.Release|x86.ActiveCfg = Release|Any CPU
		{86B731C3-E5B9-4B60-9436-7EC9057FB58A}.Release|x86.Build.0 = Release|Any CPU
		{C3FA85E1-8CF2-4AAC-9C39-9926342FE4C3}.Debug|Any CPU.ActiveCfg = Debug|Any CPU
		{C3FA85E1-8CF2-4AAC-9C39-9926342FE4C3}.Debug|Any CPU.Build.0 = Debug|Any CPU
		{C3FA85E1-8CF2-4AAC-9C39-9926342FE4C3}.Debug|x64.ActiveCfg = Debug|Any CPU
		{C3FA85E1-8CF2-4AAC-9C39-9926342FE4C3}.Debug|x64.Build.0 = Debug|Any CPU
		{C3FA85E1-8CF2-4AAC-9C39-9926342FE4C3}.Debug|x86.ActiveCfg = Debug|Any CPU
		{C3FA85E1-8CF2-4AAC-9C39-9926342FE4C3}.Debug|x86.Build.0 = Debug|Any CPU
		{C3FA85E1-8CF2-4AAC-9C39-9926342FE4C3}.Release|Any CPU.ActiveCfg = Release|Any CPU
		{C3FA85E1-8CF2-4AAC-9C39-9926342FE4C3}.Release|Any CPU.Build.0 = Release|Any CPU
		{C3FA85E1-8CF2-4AAC-9C39-9926342FE4C3}.Release|x64.ActiveCfg = Release|Any CPU
		{C3FA85E1-8CF2-4AAC-9C39-9926342FE4C3}.Release|x64.Build.0 = Release|Any CPU
		{C3FA85E1-8CF2-4AAC-9C39-9926342FE4C3}.Release|x86.ActiveCfg = Release|Any CPU
		{C3FA85E1-8CF2-4AAC-9C39-9926342FE4C3}.Release|x86.Build.0 = Release|Any CPU
		{BF6A23FE-AD2A-4921-83BF-546A27355E4F}.Debug|Any CPU.ActiveCfg = Debug|Any CPU
		{BF6A23FE-AD2A-4921-83BF-546A27355E4F}.Debug|Any CPU.Build.0 = Debug|Any CPU
		{BF6A23FE-AD2A-4921-83BF-546A27355E4F}.Debug|x64.ActiveCfg = Debug|Any CPU
		{BF6A23FE-AD2A-4921-83BF-546A27355E4F}.Debug|x64.Build.0 = Debug|Any CPU
		{BF6A23FE-AD2A-4921-83BF-546A27355E4F}.Debug|x86.ActiveCfg = Debug|Any CPU
		{BF6A23FE-AD2A-4921-83BF-546A27355E4F}.Debug|x86.Build.0 = Debug|Any CPU
		{BF6A23FE-AD2A-4921-83BF-546A27355E4F}.Release|Any CPU.ActiveCfg = Release|Any CPU
		{BF6A23FE-AD2A-4921-83BF-546A27355E4F}.Release|Any CPU.Build.0 = Release|Any CPU
		{BF6A23FE-AD2A-4921-83BF-546A27355E4F}.Release|x64.ActiveCfg = Release|Any CPU
		{BF6A23FE-AD2A-4921-83BF-546A27355E4F}.Release|x64.Build.0 = Release|Any CPU
		{BF6A23FE-AD2A-4921-83BF-546A27355E4F}.Release|x86.ActiveCfg = Release|Any CPU
		{BF6A23FE-AD2A-4921-83BF-546A27355E4F}.Release|x86.Build.0 = Release|Any CPU
		{3783FDFA-EF19-4B2B-9D5C-C9BBF860D48F}.Debug|Any CPU.ActiveCfg = Debug|Any CPU
		{3783FDFA-EF19-4B2B-9D5C-C9BBF860D48F}.Debug|Any CPU.Build.0 = Debug|Any CPU
		{3783FDFA-EF19-4B2B-9D5C-C9BBF860D48F}.Debug|x64.ActiveCfg = Debug|Any CPU
		{3783FDFA-EF19-4B2B-9D5C-C9BBF860D48F}.Debug|x64.Build.0 = Debug|Any CPU
		{3783FDFA-EF19-4B2B-9D5C-C9BBF860D48F}.Debug|x86.ActiveCfg = Debug|Any CPU
		{3783FDFA-EF19-4B2B-9D5C-C9BBF860D48F}.Debug|x86.Build.0 = Debug|Any CPU
		{3783FDFA-EF19-4B2B-9D5C-C9BBF860D48F}.Release|Any CPU.ActiveCfg = Release|Any CPU
		{3783FDFA-EF19-4B2B-9D5C-C9BBF860D48F}.Release|Any CPU.Build.0 = Release|Any CPU
		{3783FDFA-EF19-4B2B-9D5C-C9BBF860D48F}.Release|x64.ActiveCfg = Release|Any CPU
		{3783FDFA-EF19-4B2B-9D5C-C9BBF860D48F}.Release|x64.Build.0 = Release|Any CPU
		{3783FDFA-EF19-4B2B-9D5C-C9BBF860D48F}.Release|x86.ActiveCfg = Release|Any CPU
		{3783FDFA-EF19-4B2B-9D5C-C9BBF860D48F}.Release|x86.Build.0 = Release|Any CPU
	EndGlobalSection
	GlobalSection(SolutionProperties) = preSolution
		HideSolutionNode = FALSE
	EndGlobalSection
	GlobalSection(NestedProjects) = preSolution
		{BE12874C-F1C4-4EF7-A7A7-A7A7B6802AA7} = {904A687D-AE63-432A-AA2A-293BE32B32D1}
		{D5FB274B-3F8F-4A20-A094-038DA34F417A} = {904A687D-AE63-432A-AA2A-293BE32B32D1}
		{66FF113D-C371-482C-A433-C7C19D908393} = {904A687D-AE63-432A-AA2A-293BE32B32D1}
		{A1E662BB-DAF8-4505-A0C8-E8E8226ADD19} = {904A687D-AE63-432A-AA2A-293BE32B32D1}
		{86B731C3-E5B9-4B60-9436-7EC9057FB58A} = {904A687D-AE63-432A-AA2A-293BE32B32D1}
		{C3FA85E1-8CF2-4AAC-9C39-9926342FE4C3} = {0C88DD14-F956-CE84-757C-A364CCF449FC}
		{BF6A23FE-AD2A-4921-83BF-546A27355E4F} = {0C88DD14-F956-CE84-757C-A364CCF449FC}
		{3783FDFA-EF19-4B2B-9D5C-C9BBF860D48F} = {0C88DD14-F956-CE84-757C-A364CCF449FC}
	EndGlobalSection
EndGlobal
